
Microsoft Visual Studio Solution File, Format Version 12.00
# Visual Studio Version 17
VisualStudioVersion = 17.5.33530.505
MinimumVisualStudioVersion = 10.0.40219.1
Project("{FAE04EC0-301F-11D3-BF4B-00C04F79EFBC}") = "Jobs", "Jobs\Jobs.csproj", "{4E432583-54A7-41B4-8FCF-506701422D29}"
EndProject
Global
	GlobalSection(SolutionConfigurationPlatforms) = preSolution
		Debug|Any CPU = Debug|Any CPU
		Release|Any CPU = Release|Any CPU
	EndGlobalSection
	GlobalSection(ProjectConfigurationPlatforms) = postSolution
		{4E432583-54A7-41B4-8FCF-506701422D29}.Debug|Any CPU.ActiveCfg = Debug|Any CPU
		{4E432583-54A7-41B4-8FCF-506701422D29}.Debug|Any CPU.Build.0 = Debug|Any CPU
		{4E432583-54A7-41B4-8FCF-506701422D29}.Release|Any CPU.ActiveCfg = Release|Any CPU
		{4E432583-54A7-41B4-8FCF-506701422D29}.Release|Any CPU.Build.0 = Release|Any CPU
	EndGlobalSection
	GlobalSection(SolutionProperties) = preSolution
		HideSolutionNode = FALSE
	EndGlobalSection
	GlobalSection(ExtensibilityGlobals) = postSolution
		SolutionGuid = {5FB7C7B6-95B4-4B56-ACE8-6C9AE0CC3158}
	EndGlobalSection
EndGlobal
